
Microsoft Visual Studio Solution File, Format Version 12.00
# Visual Studio Version 16
VisualStudioVersion = 16.0.31019.35
MinimumVisualStudioVersion = 10.0.40219.1
Project("{8BC9CEB8-8B4A-11D0-8D11-00A0C91BC942}") = "이분 그래프_1707", "이분 그래프_1707\이분 그래프_1707.vcxproj", "{DED483FD-4EAC-49BC-B076-81DEC698B42E}"
EndProject
Global
	GlobalSection(SolutionConfigurationPlatforms) = preSolution
		Debug|x64 = Debug|x64
		Debug|x86 = Debug|x86
		Release|x64 = Release|x64
		Release|x86 = Release|x86
	EndGlobalSection
	GlobalSection(ProjectConfigurationPlatforms) = postSolution
		{DED483FD-4EAC-49BC-B076-81DEC698B42E}.Debug|x64.ActiveCfg = Debug|x64
		{DED483FD-4EAC-49BC-B076-81DEC698B42E}.Debug|x64.Build.0 = Debug|x64
		{DED483FD-4EAC-49BC-B076-81DEC698B42E}.Debug|x86.ActiveCfg = Debug|Win32
		{DED483FD-4EAC-49BC-B076-81DEC698B42E}.Debug|x86.Build.0 = Debug|Win32
		{DED483FD-4EAC-49BC-B076-81DEC698B42E}.Release|x64.ActiveCfg = Release|x64
		{DED483FD-4EAC-49BC-B076-81DEC698B42E}.Release|x64.Build.0 = Release|x64
		{DED483FD-4EAC-49BC-B076-81DEC698B42E}.Release|x86.ActiveCfg = Release|Win32
		{DED483FD-4EAC-49BC-B076-81DEC698B42E}.Release|x86.Build.0 = Release|Win32
	EndGlobalSection
	GlobalSection(SolutionProperties) = preSolution
		HideSolutionNode = FALSE
	EndGlobalSection
	GlobalSection(ExtensibilityGlobals) = postSolution
		SolutionGuid = {1706BC5E-90E7-410D-BC8F-A775790C77C9}
	EndGlobalSection
EndGlobal
